
Microsoft Visual Studio Solution File, Format Version 12.00
# Visual Studio Version 17
VisualStudioVersion = 17.8.34408.163
MinimumVisualStudioVersion = 10.0.40219.1
Project("{FAE04EC0-301F-11D3-BF4B-00C04F79EFBC}") = "YodaApp", "YodaApp\YodaApp.csproj", "{A4E5923D-4495-4345-AF71-31E503786C4D}"
EndProject
Global
	GlobalSection(SolutionConfigurationPlatforms) = preSolution
		Debug|Any CPU = Debug|Any CPU
		Release|Any CPU = Release|Any CPU
	EndGlobalSection
	GlobalSection(ProjectConfigurationPlatforms) = postSolution
		{A4E5923D-4495-4345-AF71-31E503786C4D}.Debug|Any CPU.ActiveCfg = Debug|Any CPU
		{A4E5923D-4495-4345-AF71-31E503786C4D}.Debug|Any CPU.Build.0 = Debug|Any CPU
		{A4E5923D-4495-4345-AF71-31E503786C4D}.Debug|Any CPU.Deploy.0 = Debug|Any CPU
		{A4E5923D-4495-4345-AF71-31E503786C4D}.Release|Any CPU.ActiveCfg = Release|Any CPU
		{A4E5923D-4495-4345-AF71-31E503786C4D}.Release|Any CPU.Build.0 = Release|Any CPU
		{A4E5923D-4495-4345-AF71-31E503786C4D}.Release|Any CPU.Deploy.0 = Release|Any CPU
	EndGlobalSection
	GlobalSection(SolutionProperties) = preSolution
		HideSolutionNode = FALSE
	EndGlobalSection
	GlobalSection(ExtensibilityGlobals) = postSolution
		SolutionGuid = {B840B3DE-48FC-4E0B-87F3-7BFB91390891}
	EndGlobalSection
EndGlobal
